
Microsoft Visual Studio Solution File, Format Version 12.00
# Visual Studio Version 17
VisualStudioVersion = 17.2.32630.192
MinimumVisualStudioVersion = 10.0.40219.1
Project("{2150E333-8FDC-42A3-9474-1A3956D46DE8}") = "src", "src", "{26863291-F27F-4999-A48A-04BFDB53E724}"
EndProject
Project("{9A19103F-16F7-4668-BE54-9A1E7A4F7556}") = "StreamQuest.Client", "src\StreamQuest.Client\StreamQuest.Client.csproj", "{CD6BE08A-0B2A-4B26-9A5F-29307CAF7701}"
EndProject
Project("{FAE04EC0-301F-11D3-BF4B-00C04F79EFBC}") = "StreamQuest.Silo", "src\StreamQuest.Silo\StreamQuest.Silo.csproj", "{7AB9872B-53C9-4D8B-9493-22AA1556857C}"
EndProject
Project("{9A19103F-16F7-4668-BE54-9A1E7A4F7556}") = "StreamQuest.Shared", "src\StreamQuest.Shared\StreamQuest.Shared.csproj", "{5B6A8DCA-D6B3-44A3-9A8F-C89A24378B05}"
EndProject
Global
	GlobalSection(SolutionConfigurationPlatforms) = preSolution
		Debug|Any CPU = Debug|Any CPU
		Release|Any CPU = Release|Any CPU
	EndGlobalSection
	GlobalSection(ProjectConfigurationPlatforms) = postSolution
		{CD6BE08A-0B2A-4B26-9A5F-29307CAF7701}.Debug|Any CPU.ActiveCfg = Debug|Any CPU
		{CD6BE08A-0B2A-4B26-9A5F-29307CAF7701}.Debug|Any CPU.Build.0 = Debug|Any CPU
		{CD6BE08A-0B2A-4B26-9A5F-29307CAF7701}.Release|Any CPU.ActiveCfg = Release|Any CPU
		{CD6BE08A-0B2A-4B26-9A5F-29307CAF7701}.Release|Any CPU.Build.0 = Release|Any CPU
		{7AB9872B-53C9-4D8B-9493-22AA1556857C}.Debug|Any CPU.ActiveCfg = Debug|Any CPU
		{7AB9872B-53C9-4D8B-9493-22AA1556857C}.Debug|Any CPU.Build.0 = Debug|Any CPU
		{7AB9872B-53C9-4D8B-9493-22AA1556857C}.Release|Any CPU.ActiveCfg = Release|Any CPU
		{7AB9872B-53C9-4D8B-9493-22AA1556857C}.Release|Any CPU.Build.0 = Release|Any CPU
		{5B6A8DCA-D6B3-44A3-9A8F-C89A24378B05}.Debug|Any CPU.ActiveCfg = Debug|Any CPU
		{5B6A8DCA-D6B3-44A3-9A8F-C89A24378B05}.Debug|Any CPU.Build.0 = Debug|Any CPU
		{5B6A8DCA-D6B3-44A3-9A8F-C89A24378B05}.Release|Any CPU.ActiveCfg = Release|Any CPU
		{5B6A8DCA-D6B3-44A3-9A8F-C89A24378B05}.Release|Any CPU.Build.0 = Release|Any CPU
	EndGlobalSection
	GlobalSection(SolutionProperties) = preSolution
		HideSolutionNode = FALSE
	EndGlobalSection
	GlobalSection(NestedProjects) = preSolution
		{CD6BE08A-0B2A-4B26-9A5F-29307CAF7701} = {26863291-F27F-4999-A48A-04BFDB53E724}
		{7AB9872B-53C9-4D8B-9493-22AA1556857C} = {26863291-F27F-4999-A48A-04BFDB53E724}
		{5B6A8DCA-D6B3-44A3-9A8F-C89A24378B05} = {26863291-F27F-4999-A48A-04BFDB53E724}
	EndGlobalSection
	GlobalSection(ExtensibilityGlobals) = postSolution
		SolutionGuid = {B1F6036A-5E50-498C-ABFA-76798D142FB0}
	EndGlobalSection
EndGlobal
